
Microsoft Visual Studio Solution File, Format Version 12.00
# Visual Studio Version 17
VisualStudioVersion = 17.7.34031.279
MinimumVisualStudioVersion = 10.0.40219.1
Project("{FAE04EC0-301F-11D3-BF4B-00C04F79EFBC}") = "librarymanagement1", "librarymanagement1\librarymanagement1.csproj", "{18921EAC-C4E1-429A-A2B7-F0E54642CF70}"
EndProject
Global
	GlobalSection(SolutionConfigurationPlatforms) = preSolution
		Debug|Any CPU = Debug|Any CPU
		Release|Any CPU = Release|Any CPU
	EndGlobalSection
	GlobalSection(ProjectConfigurationPlatforms) = postSolution
		{18921EAC-C4E1-429A-A2B7-F0E54642CF70}.Debug|Any CPU.ActiveCfg = Debug|Any CPU
		{18921EAC-C4E1-429A-A2B7-F0E54642CF70}.Debug|Any CPU.Build.0 = Debug|Any CPU
		{18921EAC-C4E1-429A-A2B7-F0E54642CF70}.Release|Any CPU.ActiveCfg = Release|Any CPU
		{18921EAC-C4E1-429A-A2B7-F0E54642CF70}.Release|Any CPU.Build.0 = Release|Any CPU
	EndGlobalSection
	GlobalSection(SolutionProperties) = preSolution
		HideSolutionNode = FALSE
	EndGlobalSection
	GlobalSection(ExtensibilityGlobals) = postSolution
		SolutionGuid = {C75D307E-A1EC-4F52-98DE-69C956902E9B}
	EndGlobalSection
EndGlobal
